{
  "name": "token-wuer-mcp",
  "version": "0.1.0",
  "lockfileVersion": 3,
  "requires": true,
  "packages": {
    "": {
      "name": "token-wuer-mcp",
      "version": "0.1.0",
      "workspaces": [
        "packages/*"
      ],
      "devDependencies": {
        "@types/node": "^26.1.1",
        "typescript": "^5.5.0"
      }
    },
    "node_modules/@token-wuer/antigravity": {
      "resolved": "packages/antigravity",
      "link": true
    },
    "node_modules/@token-wuer/claude-code": {
      "resolved": "packages/claude-code",
      "link": true
    },
    "node_modules/@token-wuer/codex": {
      "resolved": "packages/codex",
      "link": true
    },
    "node_modules/@token-wuer/opencode": {
      "resolved": "packages/opencode",
      "link": true
    },
    "node_modules/@token-wuer/pi": {
      "resolved": "packages/pi",
      "link": true
    },
    "node_modules/@types/node": {
      "version": "26.1.1",
      "resolved": "https://registry.npmjs.org/@types/node/-/node-26.1.1.tgz",
      "integrity": "sha512-nxAkRSVkN1Y0JC1W8ky/fTfkGsMmcrRsbx+3XoZE+rMOX71kLYTV7fLXpqud1GpbpP5TuffXFqfX7fH2GgZREw==",
      "dev": true,
      "license": "MIT",
      "dependencies": {
        "undici-types": "~8.3.0"
      }
    },
    "node_modules/typescript": {
      "version": "5.9.3",
      "resolved": "https://registry.npmjs.org/typescript/-/typescript-5.9.3.tgz",
      "integrity": "sha512-jl1vZzPDinLr9eUt3J/t7V6FgNEw9QjvBPdysz9KfQDD41fQrC2Y4vKQdiaUpFT4bXlb1RHhLpp8wtm6M5TgSw==",
      "dev": true,
      "license": "Apache-2.0",
      "bin": {
        "tsc": "bin/tsc",
        "tsserver": "bin/tsserver"
      },
      "engines": {
        "node": ">=14.17"
      }
    },
    "node_modules/undici-types": {
      "version": "8.3.0",
      "resolved": "https://registry.npmjs.org/undici-types/-/undici-types-8.3.0.tgz",
      "integrity": "sha512-j375ScV60dom+YkPFIfTLcOiPxkN/buHz5GobjLhixFuANaNs3C9l4GmrWqejgXWJ7BbJcFYpTEUkS1Ge8bpZQ==",
      "dev": true,
      "license": "MIT"
    },
    "packages/antigravity": {
      "name": "@token-wuer/antigravity",
      "version": "0.1.0",
      "license": "MIT",
      "bin": {
        "token-wuer-antigravity": "cli.js"
      }
    },
    "packages/claude-code": {
      "name": "@token-wuer/claude-code",
      "version": "0.1.0",
      "license": "MIT",
      "bin": {
        "token-wuer-claude-code": "cli.js"
      }
    },
    "packages/codex": {
      "name": "@token-wuer/codex",
      "version": "0.1.0",
      "license": "MIT",
      "bin": {
        "token-wuer-codex": "cli.js"
      }
    },
    "packages/opencode": {
      "name": "@token-wuer/opencode",
      "version": "0.1.0",
      "license": "MIT",
      "bin": {
        "token-wuer-opencode": "cli.js"
      }
    },
    "packages/pi": {
      "name": "@token-wuer/pi",
      "version": "0.1.0",
      "license": "MIT",
      "bin": {
        "token-wuer-pi": "cli.js"
      }
    }
  }
}
